
Microsoft Visual Studio Solution File, Format Version 12.00
# Visual Studio Version 16
VisualStudioVersion = 16.0.30011.22
MinimumVisualStudioVersion = 10.0.40219.1
Project("{FAE04EC0-301F-11D3-BF4B-00C04F79EFBC}") = "startree", "startree\startree.csproj", "{2D7C7DD9-34A6-4C7D-B025-565A43C64300}"
EndProject
Global
	GlobalSection(SolutionConfigurationPlatforms) = preSolution
		Debug|Any CPU = Debug|Any CPU
		Release|Any CPU = Release|Any CPU
	EndGlobalSection
	GlobalSection(ProjectConfigurationPlatforms) = postSolution
		{2D7C7DD9-34A6-4C7D-B025-565A43C64300}.Debug|Any CPU.ActiveCfg = Debug|Any CPU
		{2D7C7DD9-34A6-4C7D-B025-565A43C64300}.Debug|Any CPU.Build.0 = Debug|Any CPU
		{2D7C7DD9-34A6-4C7D-B025-565A43C64300}.Release|Any CPU.ActiveCfg = Release|Any CPU
		{2D7C7DD9-34A6-4C7D-B025-565A43C64300}.Release|Any CPU.Build.0 = Release|Any CPU
	EndGlobalSection
	GlobalSection(SolutionProperties) = preSolution
		HideSolutionNode = FALSE
	EndGlobalSection
	GlobalSection(ExtensibilityGlobals) = postSolution
		SolutionGuid = {FDF4C4FD-A7CD-462B-AD60-B8406D68420F}
	EndGlobalSection
EndGlobal
